<?xml version="1.0" encoding="utf-8"?>
<Project ToolsVersion="4.0" xmlns="http://schemas.microsoft.com/developer/msbuild/2003">
  <ItemGroup>
    <Filter Include="源文件">
      <UniqueIdentifier>{4FC737F1-C7A5-4376-A066-2A32D752A2FF}</UniqueIdentifier>
      <Extensions>cpp;c;cc;cxx;c++;cppm;ixx;def;odl;idl;hpj;bat;asm;asmx</Extensions>
    </Filter>
    <Filter Include="头文件">
      <UniqueIdentifier>{93995380-89BD-4b04-88EB-625FBE52EBFB}</UniqueIdentifier>
      <Extensions>h;hh;hpp;hxx;h++;hm;inl;inc;ipp;xsd</Extensions>
    </Filter>
    <Filter Include="资源文件">
      <UniqueIdentifier>{67DA6AB6-F800-4c08-8B7A-83BB121AAD01}</UniqueIdentifier>
      <Extensions>rc;ico;cur;bmp;dlg;rc2;rct;bin;rgs;gif;jpg;jpeg;jpe;resx;tiff;tif;png;wav;mfcribbon-ms</Extensions>
    </Filter>
  </ItemGroup>
  <ItemGroup>
    <ClCompile Include="01_封装.cpp">
      <Filter>源文件</Filter>
    </ClCompile>
    <ClCompile Include="02_封装实例.cpp">
      <Filter>源文件</Filter>
    </ClCompile>
    <ClCompile Include="03_访问权限.cpp">
      <Filter>源文件</Filter>
    </ClCompile>
    <ClCompile Include="04_struct和class的区别.cpp">
      <Filter>源文件</Filter>
    </ClCompile>
    <ClCompile Include="05_成员属性私有化.cpp">
      <Filter>源文件</Filter>
    </ClCompile>
    <ClCompile Include="06_设计立方体类.cpp">
      <Filter>源文件</Filter>
    </ClCompile>
    <ClCompile Include="07_点和圆的关系（重要）.cpp">
      <Filter>源文件</Filter>
    </ClCompile>
    <ClCompile Include="point.cpp">
      <Filter>源文件</Filter>
    </ClCompile>
    <ClCompile Include="circle.cpp">
      <Filter>源文件</Filter>
    </ClCompile>
    <ClCompile Include="08_对象的初始化和清理.cpp">
      <Filter>源文件</Filter>
    </ClCompile>
    <ClCompile Include="09_初始化列表（对象属性初始化）.cpp">
      <Filter>源文件</Filter>
    </ClCompile>
    <ClCompile Include="10_类对象作为类成员.cpp">
      <Filter>源文件</Filter>
    </ClCompile>
    <ClCompile Include="11_静态成员变量%28重要%29.cpp">
      <Filter>源文件</Filter>
    </ClCompile>
    <ClCompile Include="12_静态成员函数（重要）.cpp">
      <Filter>源文件</Filter>
    </ClCompile>
    <ClCompile Include="13_成员变量和成员函数分开存储.cpp">
      <Filter>源文件</Filter>
    </ClCompile>
    <ClCompile Include="14_this指针.cpp">
      <Filter>源文件</Filter>
    </ClCompile>
    <ClCompile Include="15_空指针访问成员函数.cpp">
      <Filter>源文件</Filter>
    </ClCompile>
    <ClCompile Include="16_const修饰成员函数.cpp">
      <Filter>源文件</Filter>
    </ClCompile>
    <ClCompile Include="17_全局函数做友元.cpp">
      <Filter>源文件</Filter>
    </ClCompile>
    <ClCompile Include="18_类做友元.cpp">
      <Filter>源文件</Filter>
    </ClCompile>
    <ClCompile Include="19_成员函数做友元.cpp">
      <Filter>源文件</Filter>
    </ClCompile>
    <ClCompile Include="20_运算符重载.cpp">
      <Filter>源文件</Filter>
    </ClCompile>
    <ClCompile Include="21_函数调用运算符重载.cpp">
      <Filter>源文件</Filter>
    </ClCompile>
    <ClCompile Include="22_继承.cpp">
      <Filter>源文件</Filter>
    </ClCompile>
    <ClCompile Include="23_继承的方式.cpp">
      <Filter>源文件</Filter>
    </ClCompile>
    <ClCompile Include="24_继承同名成员函数处理方式.cpp">
      <Filter>源文件</Filter>
    </ClCompile>
    <ClCompile Include="25_继承同名静态成员处理方式.cpp">
      <Filter>源文件</Filter>
    </ClCompile>
    <ClCompile Include="26_多继承.cpp">
      <Filter>源文件</Filter>
    </ClCompile>
    <ClCompile Include="27_菱形继承.cpp">
      <Filter>源文件</Filter>
    </ClCompile>
    <ClCompile Include="28_多态的基本语法.cpp">
      <Filter>源文件</Filter>
    </ClCompile>
    <ClCompile Include="29_多态案例1_计算器.cpp">
      <Filter>源文件</Filter>
    </ClCompile>
    <ClCompile Include="30_纯虚函数和抽象类.cpp">
      <Filter>源文件</Filter>
    </ClCompile>
    <ClCompile Include="31_多态案例2_制作饮品.cpp">
      <Filter>源文件</Filter>
    </ClCompile>
    <ClCompile Include="32_多态案例3_组装电脑.cpp">
      <Filter>源文件</Filter>
    </ClCompile>
    <ClCompile Include="33_.cpp">
      <Filter>源文件</Filter>
    </ClCompile>
  </ItemGroup>
  <ItemGroup>
    <ClInclude Include="point.h">
      <Filter>头文件</Filter>
    </ClInclude>
    <ClInclude Include="circle.h">
      <Filter>头文件</Filter>
    </ClInclude>
  </ItemGroup>
</Project>